{
  "version": 1,
  "generatedAt": "2026-01-30T23:30:11.642Z",
  "toolVersion": "0.1.0",
  "sources": {
    "nixos": {
      "repo": "https://github.com/fbosch/nixos.git",
      "ref": "HEAD",
      "resolvedCommit": "c1120016e4336c6c078fcf0ea2b9e69311e27a1f",
      "bytes": 149310,
      "fileCount": 27,
      "manifestSha256": "c1120016e4336c6c078fcf0ea2b9e69311e27a1f",
      "updatedAt": "2026-01-30T23:30:11.642Z"
    },
    "dotfiles": {
      "repo": "https://github.com/fbosch/dotfiles.git",
      "ref": "HEAD",
      "resolvedCommit": "25e1d8a5baddcf4484a41278f5c324be4c1cec44",
      "bytes": 507467,
      "fileCount": 184,
      "manifestSha256": "25e1d8a5baddcf4484a41278f5c324be4c1cec44",
      "updatedAt": "2026-01-30T23:30:11.642Z"
    }
  }
}
