{
  "version": 1,
  "generatedAt": "2026-01-30T12:00:00+01:00",
  "toolVersion": "0.1.0",
  "sources": {
    "vitest": {
      "repo": "https://github.com/vitest-dev/vitest.git",
      "ref": "main",
    "resolvedCommit": "0123456789abcdef0123456789abcdef01234567",
    "bytes": 123456,
    "fileCount": 512,
    "manifestCommit": "abcd",
    "updatedAt": "2026-01-30T12:00:00+01:00"
    }
  }
}
